// !$*UTF8*$!
{
	archiveVersion = 1;
	classes = {
	};
	objectVersion = 46;
	objects = {

/* Begin PBXBuildFile section */
		781224DC1CDF2C7700FA97F8 /* AppDelegate.swift in Sources */ = {isa = PBXBuildFile; fileRef = 781224DB1CDF2C7700FA97F8 /* AppDelegate.swift */; };
		781224DE1CDF2C7700FA97F8 /* ViewController.swift in Sources */ = {isa = PBXBuildFile; fileRef = 781224DD1CDF2C7700FA97F8 /* ViewController.swift */; };
		781224E11CDF2C7700FA97F8 /* Main.storyboard in Resources */ = {isa = PBXBuildFile; fileRef = 781224DF1CDF2C7700FA97F8 /* Main.storyboard */; };
		781224E31CDF2C7700FA97F8 /* Assets.xcassets in Resources */ = {isa = PBXBuildFile; fileRef = 781224E21CDF2C7700FA97F8 /* Assets.xcassets */; };
		781394151D03A2590047F162 /* AppState.swift in Sources */ = {isa = PBXBuildFile; fileRef = 781394141D03A2590047F162 /* AppState.swift */; };
		781394171D03A2BC0047F162 /* MeasurementHelper.swift in Sources */ = {isa = PBXBuildFile; fileRef = 781394161D03A2BC0047F162 /* MeasurementHelper.swift */; };
		781394191D03A30A0047F162 /* Constants.swift in Sources */ = {isa = PBXBuildFile; fileRef = 781394181D03A30A0047F162 /* Constants.swift */; };
		7813941F1D0CCF530047F162 /* PSViewController.swift in Sources */ = {isa = PBXBuildFile; fileRef = 7813941E1D0CCF530047F162 /* PSViewController.swift */; };
		78C187E81CE8559F0095813F /* Bolts.framework in Frameworks */ = {isa = PBXBuildFile; fileRef = 78C187E71CE8559F0095813F /* Bolts.framework */; };
		78C187EA1CE855B50095813F /* Parse.framework in Frameworks */ = {isa = PBXBuildFile; fileRef = 78C187E91CE855B50095813F /* Parse.framework */; };
		78C187EC1CE8560C0095813F /* AudioToolbox.framework in Frameworks */ = {isa = PBXBuildFile; fileRef = 78C187EB1CE8560C0095813F /* AudioToolbox.framework */; };
		78C187F61CE856660095813F /* CFNetwork.framework in Frameworks */ = {isa = PBXBuildFile; fileRef = 78C187ED1CE856660095813F /* CFNetwork.framework */; };
		78C187F71CE856660095813F /* CoreGraphics.framework in Frameworks */ = {isa = PBXBuildFile; fileRef = 78C187EE1CE856660095813F /* CoreGraphics.framework */; };
		78C187F81CE856660095813F /* CoreLocation.framework in Frameworks */ = {isa = PBXBuildFile; fileRef = 78C187EF1CE856660095813F /* CoreLocation.framework */; };
		78C187F91CE856660095813F /* libsqlite3.tbd in Frameworks */ = {isa = PBXBuildFile; fileRef = 78C187F01CE856660095813F /* libsqlite3.tbd */; };
		78C187FA1CE856660095813F /* libz.tbd in Frameworks */ = {isa = PBXBuildFile; fileRef = 78C187F11CE856660095813F /* libz.tbd */; };
		78C187FB1CE856660095813F /* QuartzCore.framework in Frameworks */ = {isa = PBXBuildFile; fileRef = 78C187F21CE856660095813F /* QuartzCore.framework */; };
		78C187FC1CE856660095813F /* Security.framework in Frameworks */ = {isa = PBXBuildFile; fileRef = 78C187F31CE856660095813F /* Security.framework */; };
		78C187FD1CE856660095813F /* StoreKit.framework in Frameworks */ = {isa = PBXBuildFile; fileRef = 78C187F41CE856660095813F /* StoreKit.framework */; };
		78C187FE1CE856660095813F /* SystemConfiguration.framework in Frameworks */ = {isa = PBXBuildFile; fileRef = 78C187F51CE856660095813F /* SystemConfiguration.framework */; };
		78E745A61CED988100186997 /* GoogleService-Info.plist in Resources */ = {isa = PBXBuildFile; fileRef = 78E745A51CED988100186997 /* GoogleService-Info.plist */; };
/* End PBXBuildFile section */

/* Begin PBXFileReference section */
		4056852BD7347F8D5C1632A7 /* Pods-photosharing.debug.xcconfig */ = {isa = PBXFileReference; includeInIndex = 1; lastKnownFileType = text.xcconfig; name = "Pods-photosharing.debug.xcconfig"; path = "Pods/Target Support Files/Pods-photosharing/Pods-photosharing.debug.xcconfig"; sourceTree = "<group>"; };
		781224D81CDF2C7700FA97F8 /* photosharing.app */ = {isa = PBXFileReference; explicitFileType = wrapper.application; includeInIndex = 0; path = photosharing.app; sourceTree = BUILT_PRODUCTS_DIR; };
		781224DB1CDF2C7700FA97F8 /* AppDelegate.swift */ = {isa = PBXFileReference; lastKnownFileType = sourcecode.swift; path = AppDelegate.swift; sourceTree = "<group>"; };
		781224DD1CDF2C7700FA97F8 /* ViewController.swift */ = {isa = PBXFileReference; lastKnownFileType = sourcecode.swift; path = ViewController.swift; sourceTree = "<group>"; };
		781224E01CDF2C7700FA97F8 /* Base */ = {isa = PBXFileReference; lastKnownFileType = file.storyboard; name = Base; path = Base.lproj/Main.storyboard; sourceTree = "<group>"; };
		781224E21CDF2C7700FA97F8 /* Assets.xcassets */ = {isa = PBXFileReference; lastKnownFileType = folder.assetcatalog; path = Assets.xcassets; sourceTree = "<group>"; };
		781224E71CDF2C7700FA97F8 /* Info.plist */ = {isa = PBXFileReference; lastKnownFileType = text.plist.xml; path = Info.plist; sourceTree = "<group>"; };
		781394141D03A2590047F162 /* AppState.swift */ = {isa = PBXFileReference; fileEncoding = 4; lastKnownFileType = sourcecode.swift; path = AppState.swift; sourceTree = "<group>"; };
		781394161D03A2BC0047F162 /* MeasurementHelper.swift */ = {isa = PBXFileReference; fileEncoding = 4; lastKnownFileType = sourcecode.swift; path = MeasurementHelper.swift; sourceTree = "<group>"; };
		781394181D03A30A0047F162 /* Constants.swift */ = {isa = PBXFileReference; fileEncoding = 4; lastKnownFileType = sourcecode.swift; path = Constants.swift; sourceTree = "<group>"; };
		7813941E1D0CCF530047F162 /* PSViewController.swift */ = {isa = PBXFileReference; fileEncoding = 4; lastKnownFileType = sourcecode.swift; name = PSViewController.swift; path = ../PSViewController.swift; sourceTree = "<group>"; };
		78C187E71CE8559F0095813F /* Bolts.framework */ = {isa = PBXFileReference; lastKnownFileType = wrapper.framework; path = Bolts.framework; sourceTree = "<group>"; };
		78C187E91CE855B50095813F /* Parse.framework */ = {isa = PBXFileReference; lastKnownFileType = wrapper.framework; path = Parse.framework; sourceTree = "<group>"; };
		78C187EB1CE8560C0095813F /* AudioToolbox.framework */ = {isa = PBXFileReference; lastKnownFileType = wrapper.framework; name = AudioToolbox.framework; path = System/Library/Frameworks/AudioToolbox.framework; sourceTree = SDKROOT; };
		78C187ED1CE856660095813F /* CFNetwork.framework */ = {isa = PBXFileReference; lastKnownFileType = wrapper.framework; name = CFNetwork.framework; path = System/Library/Frameworks/CFNetwork.framework; sourceTree = SDKROOT; };
		78C187EE1CE856660095813F /* CoreGraphics.framework */ = {isa = PBXFileReference; lastKnownFileType = wrapper.framework; name = CoreGraphics.framework; path = System/Library/Frameworks/CoreGraphics.framework; sourceTree = SDKROOT; };
		78C187EF1CE856660095813F /* CoreLocation.framework */ = {isa = PBXFileReference; lastKnownFileType = wrapper.framework; name = CoreLocation.framework; path = System/Library/Frameworks/CoreLocation.framework; sourceTree = SDKROOT; };
		78C187F01CE856660095813F /* libsqlite3.tbd */ = {isa = PBXFileReference; lastKnownFileType = "sourcecode.text-based-dylib-definition"; name = libsqlite3.tbd; path = usr/lib/libsqlite3.tbd; sourceTree = SDKROOT; };
		78C187F11CE856660095813F /* libz.tbd */ = {isa = PBXFileReference; lastKnownFileType = "sourcecode.text-based-dylib-definition"; name = libz.tbd; path = usr/lib/libz.tbd; sourceTree = SDKROOT; };
		78C187F21CE856660095813F /* QuartzCore.framework */ = {isa = PBXFileReference; lastKnownFileType = wrapper.framework; name = QuartzCore.framework; path = System/Library/Frameworks/QuartzCore.framework; sourceTree = SDKROOT; };
		78C187F31CE856660095813F /* Security.framework */ = {isa = PBXFileReference; lastKnownFileType = wrapper.framework; name = Security.framework; path = System/Library/Frameworks/Security.framework; sourceTree = SDKROOT; };
		78C187F41CE856660095813F /* StoreKit.framework */ = {isa = PBXFileReference; lastKnownFileType = wrapper.framework; name = StoreKit.framework; path = System/Library/Frameworks/StoreKit.framework; sourceTree = SDKROOT; };
		78C187F51CE856660095813F /* SystemConfiguration.framework */ = {isa = PBXFileReference; lastKnownFileType = wrapper.framework; name = SystemConfiguration.framework; path = System/Library/Frameworks/SystemConfiguration.framework; sourceTree = SDKROOT; };
		78E745A51CED988100186997 /* GoogleService-Info.plist */ = {isa = PBXFileReference; fileEncoding = 4; lastKnownFileType = text.plist.xml; name = "GoogleService-Info.plist"; path = "../../../../Downloads/GoogleService-Info.plist"; sourceTree = "<group>"; };
		C0C841DFF6FAE29FED749A60 /* Pods-photosharing.release.xcconfig */ = {isa = PBXFileReference; includeInIndex = 1; lastKnownFileType = text.xcconfig; name = "Pods-photosharing.release.xcconfig"; path = "Pods/Target Support Files/Pods-photosharing/Pods-photosharing.release.xcconfig"; sourceTree = "<group>"; };
/* End PBXFileReference section */

/* Begin PBXFrameworksBuildPhase section */
		781224D51CDF2C7700FA97F8 /* Frameworks */ = {
			isa = PBXFrameworksBuildPhase;
			buildActionMask = 2147483647;
			files = (
				78C187F61CE856660095813F /* CFNetwork.framework in Frameworks */,
				78C187F71CE856660095813F /* CoreGraphics.framework in Frameworks */,
				78C187F81CE856660095813F /* CoreLocation.framework in Frameworks */,
				78C187F91CE856660095813F /* libsqlite3.tbd in Frameworks */,
				78C187FA1CE856660095813F /* libz.tbd in Frameworks */,
				78C187FB1CE856660095813F /* QuartzCore.framework in Frameworks */,
				78C187FC1CE856660095813F /* Security.framework in Frameworks */,
				78C187FD1CE856660095813F /* StoreKit.framework in Frameworks */,
				78C187FE1CE856660095813F /* SystemConfiguration.framework in Frameworks */,
				78C187EC1CE8560C0095813F /* AudioToolbox.framework in Frameworks */,
				78C187EA1CE855B50095813F /* Parse.framework in Frameworks */,
				78C187E81CE8559F0095813F /* Bolts.framework in Frameworks */,
			);
			runOnlyForDeploymentPostprocessing = 0;
		};
/* End PBXFrameworksBuildPhase section */

/* Begin PBXGroup section */
		781224CF1CDF2C7700FA97F8 = {
			isa = PBXGroup;
			children = (
				78C187E61CE8556C0095813F /* Frameworks */,
				781224DA1CDF2C7700FA97F8 /* photosharing */,
				781224D91CDF2C7700FA97F8 /* Products */,
				A0F9EF3DC98E0ADE856F7529 /* Pods */,
			);
			sourceTree = "<group>";
		};
		781224D91CDF2C7700FA97F8 /* Products */ = {
			isa = PBXGroup;
			children = (
				781224D81CDF2C7700FA97F8 /* photosharing.app */,
			);
			name = Products;
			sourceTree = "<group>";
		};
		781224DA1CDF2C7700FA97F8 /* photosharing */ = {
			isa = PBXGroup;
			children = (
				781224DB1CDF2C7700FA97F8 /* AppDelegate.swift */,
				781224DD1CDF2C7700FA97F8 /* ViewController.swift */,
				7813941E1D0CCF530047F162 /* PSViewController.swift */,
				781224DF1CDF2C7700FA97F8 /* Main.storyboard */,
				781224E21CDF2C7700FA97F8 /* Assets.xcassets */,
				781224E71CDF2C7700FA97F8 /* Info.plist */,
				78E745A51CED988100186997 /* GoogleService-Info.plist */,
				781394141D03A2590047F162 /* AppState.swift */,
				781394161D03A2BC0047F162 /* MeasurementHelper.swift */,
				781394181D03A30A0047F162 /* Constants.swift */,
			);
			path = photosharing;
			sourceTree = "<group>";
		};
		78C187E61CE8556C0095813F /* Frameworks */ = {
			isa = PBXGroup;
			children = (
				78C187ED1CE856660095813F /* CFNetwork.framework */,
				78C187EE1CE856660095813F /* CoreGraphics.framework */,
				78C187EF1CE856660095813F /* CoreLocation.framework */,
				78C187F01CE856660095813F /* libsqlite3.tbd */,
				78C187F11CE856660095813F /* libz.tbd */,
				78C187F21CE856660095813F /* QuartzCore.framework */,
				78C187F31CE856660095813F /* Security.framework */,
				78C187F41CE856660095813F /* StoreKit.framework */,
				78C187F51CE856660095813F /* SystemConfiguration.framework */,
				78C187EB1CE8560C0095813F /* AudioToolbox.framework */,
				78C187E91CE855B50095813F /* Parse.framework */,
				78C187E71CE8559F0095813F /* Bolts.framework */,
			);
			name = Frameworks;
			sourceTree = "<group>";
		};
		A0F9EF3DC98E0ADE856F7529 /* Pods */ = {
			isa = PBXGroup;
			children = (
				4056852BD7347F8D5C1632A7 /* Pods-photosharing.debug.xcconfig */,
				C0C841DFF6FAE29FED749A60 /* Pods-photosharing.release.xcconfig */,
			);
			name = Pods;
			sourceTree = "<group>";
		};
/* End PBXGroup section */

/* Begin PBXNativeTarget section */
		781224D71CDF2C7700FA97F8 /* photosharing */ = {
			isa = PBXNativeTarget;
			buildConfigurationList = 781224EA1CDF2C7700FA97F8 /* Build configuration list for PBXNativeTarget "photosharing" */;
			buildPhases = (
				AF3BDE4524BBB9EFA4C76645 /* 📦 Check Pods Manifest.lock */,
				781224D41CDF2C7700FA97F8 /* Sources */,
				781224D51CDF2C7700FA97F8 /* Frameworks */,
				781224D61CDF2C7700FA97F8 /* Resources */,
				8E273680682A6704433759EB /* 📦 Embed Pods Frameworks */,
				17DFDFE8CB1D7A54E0DBA3EA /* 📦 Copy Pods Resources */,
			);
			buildRules = (
			);
			dependencies = (
			);
			name = photosharing;
			productName = photosharing;
			productReference = 781224D81CDF2C7700FA97F8 /* photosharing.app */;
			productType = "com.apple.product-type.application";
		};
/* End PBXNativeTarget section */

/* Begin PBXProject section */
		781224D01CDF2C7700FA97F8 /* Project object */ = {
			isa = PBXProject;
			attributes = {
				LastSwiftUpdateCheck = 0730;
				LastUpgradeCheck = 0730;
				ORGANIZATIONNAME = rd;
				TargetAttributes = {
					781224D71CDF2C7700FA97F8 = {
						CreatedOnToolsVersion = 7.3;
					};
				};
			};
			buildConfigurationList = 781224D31CDF2C7700FA97F8 /* Build configuration list for PBXProject "photosharing" */;
			compatibilityVersion = "Xcode 3.2";
			developmentRegion = English;
			hasScannedForEncodings = 0;
			knownRegions = (
				en,
				Base,
			);
			mainGroup = 781224CF1CDF2C7700FA97F8;
			productRefGroup = 781224D91CDF2C7700FA97F8 /* Products */;
			projectDirPath = "";
			projectRoot = "";
			targets = (
				781224D71CDF2C7700FA97F8 /* photosharing */,
			);
		};
/* End PBXProject section */

/* Begin PBXResourcesBuildPhase section */
		781224D61CDF2C7700FA97F8 /* Resources */ = {
			isa = PBXResourcesBuildPhase;
			buildActionMask = 2147483647;
			files = (
				781224E31CDF2C7700FA97F8 /* Assets.xcassets in Resources */,
				781224E11CDF2C7700FA97F8 /* Main.storyboard in Resources */,
				78E745A61CED988100186997 /* GoogleService-Info.plist in Resources */,
			);
			runOnlyForDeploymentPostprocessing = 0;
		};
/* End PBXResourcesBuildPhase section */

/* Begin PBXShellScriptBuildPhase section */
		17DFDFE8CB1D7A54E0DBA3EA /* 📦 Copy Pods Resources */ = {
			isa = PBXShellScriptBuildPhase;
			buildActionMask = 2147483647;
			files = (
			);
			inputPaths = (
			);
			name = "📦 Copy Pods Resources";
			outputPaths = (
			);
			runOnlyForDeploymentPostprocessing = 0;
			shellPath = /bin/sh;
			shellScript = "\"${SRCROOT}/Pods/Target Support Files/Pods-photosharing/Pods-photosharing-resources.sh\"\n";
			showEnvVarsInLog = 0;
		};
		8E273680682A6704433759EB /* 📦 Embed Pods Frameworks */ = {
			isa = PBXShellScriptBuildPhase;
			buildActionMask = 2147483647;
			files = (
			);
			inputPaths = (
			);
			name = "📦 Embed Pods Frameworks";
			outputPaths = (
			);
			runOnlyForDeploymentPostprocessing = 0;
			shellPath = /bin/sh;
			shellScript = "\"${SRCROOT}/Pods/Target Support Files/Pods-photosharing/Pods-photosharing-frameworks.sh\"\n";
			showEnvVarsInLog = 0;
		};
		AF3BDE4524BBB9EFA4C76645 /* 📦 Check Pods Manifest.lock */ = {
			isa = PBXShellScriptBuildPhase;
			buildActionMask = 2147483647;
			files = (
			);
			inputPaths = (
			);
			name = "📦 Check Pods Manifest.lock";
			outputPaths = (
			);
			runOnlyForDeploymentPostprocessing = 0;
			shellPath = /bin/sh;
			shellScript = "diff \"${PODS_ROOT}/../Podfile.lock\" \"${PODS_ROOT}/Manifest.lock\" > /dev/null\nif [[ $? != 0 ]] ; then\n    cat << EOM\nerror: The sandbox is not in sync with the Podfile.lock. Run 'pod install' or update your CocoaPods installation.\nEOM\n    exit 1\nfi\n";
			showEnvVarsInLog = 0;
		};
/* End PBXShellScriptBuildPhase section */

/* Begin PBXSourcesBuildPhase section */
		781224D41CDF2C7700FA97F8 /* Sources */ = {
			isa = PBXSourcesBuildPhase;
			buildActionMask = 2147483647;
			files = (
				781394191D03A30A0047F162 /* Constants.swift in Sources */,
				781394171D03A2BC0047F162 /* MeasurementHelper.swift in Sources */,
				781394151D03A2590047F162 /* AppState.swift in Sources */,
				781224DE1CDF2C7700FA97F8 /* ViewController.swift in Sources */,
				781224DC1CDF2C7700FA97F8 /* AppDelegate.swift in Sources */,
				7813941F1D0CCF530047F162 /* PSViewController.swift in Sources */,
			);
			runOnlyForDeploymentPostprocessing = 0;
		};
/* End PBXSourcesBuildPhase section */

/* Begin PBXVariantGroup section */
		781224DF1CDF2C7700FA97F8 /* Main.storyboard */ = {
			isa = PBXVariantGroup;
			children = (
				781224E01CDF2C7700FA97F8 /* Base */,
			);
			name = Main.storyboard;
			sourceTree = "<group>";
		};
/* End PBXVariantGroup section */

/* Begin XCBuildConfiguration section */
		781224E81CDF2C7700FA97F8 /* Debug */ = {
			isa = XCBuildConfiguration;
			buildSettings = {
				ALWAYS_SEARCH_USER_PATHS = NO;
				CLANG_ANALYZER_NONNULL = YES;
				CLANG_CXX_LANGUAGE_STANDARD = "gnu++0x";
				CLANG_CXX_LIBRARY = "libc++";
				CLANG_ENABLE_MODULES = YES;
				CLANG_ENABLE_OBJC_ARC = YES;
				CLANG_WARN_BOOL_CONVERSION = YES;
				CLANG_WARN_CONSTANT_CONVERSION = YES;
				CLANG_WARN_DIRECT_OBJC_ISA_USAGE = YES_ERROR;
				CLANG_WARN_EMPTY_BODY = YES;
				CLANG_WARN_ENUM_CONVERSION = YES;
				CLANG_WARN_INT_CONVERSION = YES;
				CLANG_WARN_OBJC_ROOT_CLASS = YES_ERROR;
				CLANG_WARN_UNREACHABLE_CODE = YES;
				CLANG_WARN__DUPLICATE_METHOD_MATCH = YES;
				"CODE_SIGN_IDENTITY[sdk=iphoneos*]" = "iPhone Developer";
				COPY_PHASE_STRIP = NO;
				DEBUG_INFORMATION_FORMAT = dwarf;
				ENABLE_STRICT_OBJC_MSGSEND = YES;
				ENABLE_TESTABILITY = YES;
				GCC_C_LANGUAGE_STANDARD = gnu99;
				GCC_DYNAMIC_NO_PIC = NO;
				GCC_NO_COMMON_BLOCKS = YES;
				GCC_OPTIMIZATION_LEVEL = 0;
				GCC_PREPROCESSOR_DEFINITIONS = (
					"DEBUG=1",
					"$(inherited)",
				);
				GCC_WARN_64_TO_32_BIT_CONVERSION = YES;
				GCC_WARN_ABOUT_RETURN_TYPE = YES_ERROR;
				GCC_WARN_UNDECLARED_SELECTOR = YES;
				GCC_WARN_UNINITIALIZED_AUTOS = YES_AGGRESSIVE;
				GCC_WARN_UNUSED_FUNCTION = YES;
				GCC_WARN_UNUSED_VARIABLE = YES;
				IPHONEOS_DEPLOYMENT_TARGET = 9.3;
				MTL_ENABLE_DEBUG_INFO = YES;
				ONLY_ACTIVE_ARCH = YES;
				SDKROOT = iphoneos;
				SWIFT_OPTIMIZATION_LEVEL = "-Onone";
			};
			name = Debug;
		};
		781224E91CDF2C7700FA97F8 /* Release */ = {
			isa = XCBuildConfiguration;
			buildSettings = {
				ALWAYS_SEARCH_USER_PATHS = NO;
				CLANG_ANALYZER_NONNULL = YES;
				CLANG_CXX_LANGUAGE_STANDARD = "gnu++0x";
				CLANG_CXX_LIBRARY = "libc++";
				CLANG_ENABLE_MODULES = YES;
				CLANG_ENABLE_OBJC_ARC = YES;
				CLANG_WARN_BOOL_CONVERSION = YES;
				CLANG_WARN_CONSTANT_CONVERSION = YES;
				CLANG_WARN_DIRECT_OBJC_ISA_USAGE = YES_ERROR;
				CLANG_WARN_EMPTY_BODY = YES;
				CLANG_WARN_ENUM_CONVERSION = YES;
				CLANG_WARN_INT_CONVERSION = YES;
				CLANG_WARN_OBJC_ROOT_CLASS = YES_ERROR;
				CLANG_WARN_UNREACHABLE_CODE = YES;
				CLANG_WARN__DUPLICATE_METHOD_MATCH = YES;
				"CODE_SIGN_IDENTITY[sdk=iphoneos*]" = "iPhone Developer";
				COPY_PHASE_STRIP = NO;
				DEBUG_INFORMATION_FORMAT = "dwarf-with-dsym";
				ENABLE_NS_ASSERTIONS = NO;
				ENABLE_STRICT_OBJC_MSGSEND = YES;
				GCC_C_LANGUAGE_STANDARD = gnu99;
				GCC_NO_COMMON_BLOCKS = YES;
				GCC_WARN_64_TO_32_BIT_CONVERSION = YES;
				GCC_WARN_ABOUT_RETURN_TYPE = YES_ERROR;
				GCC_WARN_UNDECLARED_SELECTOR = YES;
				GCC_WARN_UNINITIALIZED_AUTOS = YES_AGGRESSIVE;
				GCC_WARN_UNUSED_FUNCTION = YES;
				GCC_WARN_UNUSED_VARIABLE = YES;
				IPHONEOS_DEPLOYMENT_TARGET = 9.3;
				MTL_ENABLE_DEBUG_INFO = NO;
				SDKROOT = iphoneos;
				VALIDATE_PRODUCT = YES;
			};
			name = Release;
		};
		781224EB1CDF2C7700FA97F8 /* Debug */ = {
			isa = XCBuildConfiguration;
			baseConfigurationReference = 4056852BD7347F8D5C1632A7 /* Pods-photosharing.debug.xcconfig */;
			buildSettings = {
				ASSETCATALOG_COMPILER_APPICON_NAME = AppIcon;
				FRAMEWORK_SEARCH_PATHS = (
					"$(inherited)",
					"$(PROJECT_DIR)",
				);
				INFOPLIST_FILE = photosharing/Info.plist;
				LD_RUNPATH_SEARCH_PATHS = "$(inherited) @executable_path/Frameworks";
				PRODUCT_BUNDLE_IDENTIFIER = com.rd.photosharing;
				PRODUCT_NAME = "$(TARGET_NAME)";
			};
			name = Debug;
		};
		781224EC1CDF2C7700FA97F8 /* Release */ = {
			isa = XCBuildConfiguration;
			baseConfigurationReference = C0C841DFF6FAE29FED749A60 /* Pods-photosharing.release.xcconfig */;
			buildSettings = {
				ASSETCATALOG_COMPILER_APPICON_NAME = AppIcon;
				FRAMEWORK_SEARCH_PATHS = (
					"$(inherited)",
					"$(PROJECT_DIR)",
				);
				INFOPLIST_FILE = photosharing/Info.plist;
				LD_RUNPATH_SEARCH_PATHS = "$(inherited) @executable_path/Frameworks";
				PRODUCT_BUNDLE_IDENTIFIER = com.rd.photosharing;
				PRODUCT_NAME = "$(TARGET_NAME)";
			};
			name = Release;
		};
/* End XCBuildConfiguration section */

/* Begin XCConfigurationList section */
		781224D31CDF2C7700FA97F8 /* Build configuration list for PBXProject "photosharing" */ = {
			isa = XCConfigurationList;
			buildConfigurations = (
				781224E81CDF2C7700FA97F8 /* Debug */,
				781224E91CDF2C7700FA97F8 /* Release */,
			);
			defaultConfigurationIsVisible = 0;
			defaultConfigurationName = Release;
		};
		781224EA1CDF2C7700FA97F8 /* Build configuration list for PBXNativeTarget "photosharing" */ = {
			isa = XCConfigurationList;
			buildConfigurations = (
				781224EB1CDF2C7700FA97F8 /* Debug */,
				781224EC1CDF2C7700FA97F8 /* Release */,
			);
			defaultConfigurationIsVisible = 0;
			defaultConfigurationName = Release;
		};
/* End XCConfigurationList section */
	};
	rootObject = 781224D01CDF2C7700FA97F8 /* Project object */;
}
